
Microsoft Visual Studio Solution File, Format Version 12.00
# Visual Studio Version 17
VisualStudioVersion = 17.0.32002.185
MinimumVisualStudioVersion = 10.0.40219.1
Project("{FAE04EC0-301F-11D3-BF4B-00C04F79EFBC}") = "hex.mvvm", "hex.mvvm\hex.mvvm.csproj", "{A713020D-71D2-413F-81D7-96411F7C2CC4}"
EndProject
Global
	GlobalSection(SolutionConfigurationPlatforms) = preSolution
		Debug|Any CPU = Debug|Any CPU
		Release|Any CPU = Release|Any CPU
	EndGlobalSection
	GlobalSection(ProjectConfigurationPlatforms) = postSolution
		{A713020D-71D2-413F-81D7-96411F7C2CC4}.Debug|Any CPU.ActiveCfg = Debug|Any CPU
		{A713020D-71D2-413F-81D7-96411F7C2CC4}.Debug|Any CPU.Build.0 = Debug|Any CPU
		{A713020D-71D2-413F-81D7-96411F7C2CC4}.Release|Any CPU.ActiveCfg = Release|Any CPU
		{A713020D-71D2-413F-81D7-96411F7C2CC4}.Release|Any CPU.Build.0 = Release|Any CPU
	EndGlobalSection
	GlobalSection(SolutionProperties) = preSolution
		HideSolutionNode = FALSE
	EndGlobalSection
	GlobalSection(ExtensibilityGlobals) = postSolution
		SolutionGuid = {74FDA576-E6BC-4FE4-AFB0-1DCE738FD68D}
	EndGlobalSection
EndGlobal
